
Microsoft Visual Studio Solution File, Format Version 12.00
# Visual Studio Version 17
VisualStudioVersion = 17.10.35013.160
MinimumVisualStudioVersion = 10.0.40219.1
Project("{8BC9CEB8-8B4A-11D0-8D11-00A0C91BC942}") = "洛谷__旗鼓相当的对手（加强版）", "洛谷__旗鼓相当的对手（加强版）\洛谷__旗鼓相当的对手（加强版）.vcxproj", "{804CF980-CE4C-4332-8902-BFDA0A72A26D}"
EndProject
Global
	GlobalSection(SolutionConfigurationPlatforms) = preSolution
		Debug|x64 = Debug|x64
		Debug|x86 = Debug|x86
		Release|x64 = Release|x64
		Release|x86 = Release|x86
	EndGlobalSection
	GlobalSection(ProjectConfigurationPlatforms) = postSolution
		{804CF980-CE4C-4332-8902-BFDA0A72A26D}.Debug|x64.ActiveCfg = Debug|x64
		{804CF980-CE4C-4332-8902-BFDA0A72A26D}.Debug|x64.Build.0 = Debug|x64
		{804CF980-CE4C-4332-8902-BFDA0A72A26D}.Debug|x86.ActiveCfg = Debug|Win32
		{804CF980-CE4C-4332-8902-BFDA0A72A26D}.Debug|x86.Build.0 = Debug|Win32
		{804CF980-CE4C-4332-8902-BFDA0A72A26D}.Release|x64.ActiveCfg = Release|x64
		{804CF980-CE4C-4332-8902-BFDA0A72A26D}.Release|x64.Build.0 = Release|x64
		{804CF980-CE4C-4332-8902-BFDA0A72A26D}.Release|x86.ActiveCfg = Release|Win32
		{804CF980-CE4C-4332-8902-BFDA0A72A26D}.Release|x86.Build.0 = Release|Win32
	EndGlobalSection
	GlobalSection(SolutionProperties) = preSolution
		HideSolutionNode = FALSE
	EndGlobalSection
	GlobalSection(ExtensibilityGlobals) = postSolution
		SolutionGuid = {32279FAA-9E5B-4F9B-BDC6-FD5B6AB21E5D}
	EndGlobalSection
EndGlobal
