
Microsoft Visual Studio Solution File, Format Version 12.00
# Visual Studio Version 17
VisualStudioVersion = 17.10.35013.160
MinimumVisualStudioVersion = 10.0.40219.1
Project("{8BC9CEB8-8B4A-11D0-8D11-00A0C91BC942}") = "洛谷__标题统计", "洛谷__标题统计\洛谷__标题统计.vcxproj", "{3866922B-AD6B-481E-B3ED-39B772A1C75A}"
EndProject
Global
	GlobalSection(SolutionConfigurationPlatforms) = preSolution
		Debug|x64 = Debug|x64
		Debug|x86 = Debug|x86
		Release|x64 = Release|x64
		Release|x86 = Release|x86
	EndGlobalSection
	GlobalSection(ProjectConfigurationPlatforms) = postSolution
		{3866922B-AD6B-481E-B3ED-39B772A1C75A}.Debug|x64.ActiveCfg = Debug|x64
		{3866922B-AD6B-481E-B3ED-39B772A1C75A}.Debug|x64.Build.0 = Debug|x64
		{3866922B-AD6B-481E-B3ED-39B772A1C75A}.Debug|x86.ActiveCfg = Debug|Win32
		{3866922B-AD6B-481E-B3ED-39B772A1C75A}.Debug|x86.Build.0 = Debug|Win32
		{3866922B-AD6B-481E-B3ED-39B772A1C75A}.Release|x64.ActiveCfg = Release|x64
		{3866922B-AD6B-481E-B3ED-39B772A1C75A}.Release|x64.Build.0 = Release|x64
		{3866922B-AD6B-481E-B3ED-39B772A1C75A}.Release|x86.ActiveCfg = Release|Win32
		{3866922B-AD6B-481E-B3ED-39B772A1C75A}.Release|x86.Build.0 = Release|Win32
	EndGlobalSection
	GlobalSection(SolutionProperties) = preSolution
		HideSolutionNode = FALSE
	EndGlobalSection
	GlobalSection(ExtensibilityGlobals) = postSolution
		SolutionGuid = {A686ADC3-5AC2-44DB-A284-E8E1DE5408F6}
	EndGlobalSection
EndGlobal
